// !$*UTF8*$!
{
	archiveVersion = 1;
	classes = {
	};
	objectVersion = 56;
	objects = {

/* Begin PBXBuildFile section */
		42EC693F299198F1007117D3 /* MatrixRainSwiftUIApp.swift in Sources */ = {isa = PBXBuildFile; fileRef = 42EC693E299198F1007117D3 /* MatrixRainSwiftUIApp.swift */; };
		42EC6941299198F1007117D3 /* ContentView.swift in Sources */ = {isa = PBXBuildFile; fileRef = 42EC6940299198F1007117D3 /* ContentView.swift */; };
		42EC6943299198F3007117D3 /* Assets.xcassets in Resources */ = {isa = PBXBuildFile; fileRef = 42EC6942299198F3007117D3 /* Assets.xcassets */; };
		42EC6947299198F3007117D3 /* Preview Assets.xcassets in Resources */ = {isa = PBXBuildFile; fileRef = 42EC6946299198F3007117D3 /* Preview Assets.xcassets */; };
		42EC6951299198F3007117D3 /* MatrixRainSwiftUITests.swift in Sources */ = {isa = PBXBuildFile; fileRef = 42EC6950299198F3007117D3 /* MatrixRainSwiftUITests.swift */; };
		42EC695B299198F3007117D3 /* MatrixRainSwiftUIUITests.swift in Sources */ = {isa = PBXBuildFile; fileRef = 42EC695A299198F3007117D3 /* MatrixRainSwiftUIUITests.swift */; };
		42EC695D299198F3007117D3 /* MatrixRainSwiftUIUITestsLaunchTests.swift in Sources */ = {isa = PBXBuildFile; fileRef = 42EC695C299198F3007117D3 /* MatrixRainSwiftUIUITestsLaunchTests.swift */; };
		42EC696B29919A86007117D3 /* MatrixRainView.swift in Sources */ = {isa = PBXBuildFile; fileRef = 42EC696A29919A86007117D3 /* MatrixRainView.swift */; };
		42EC696D2991A1D5007117D3 /* MatrixRainCharacters.swift in Sources */ = {isa = PBXBuildFile; fileRef = 42EC696C2991A1D5007117D3 /* MatrixRainCharacters.swift */; };
/* End PBXBuildFile section */

/* Begin PBXContainerItemProxy section */
		42EC694D299198F3007117D3 /* PBXContainerItemProxy */ = {
			isa = PBXContainerItemProxy;
			containerPortal = 42EC6933299198F1007117D3 /* Project object */;
			proxyType = 1;
			remoteGlobalIDString = 42EC693A299198F1007117D3;
			remoteInfo = MatrixRainSwiftUI;
		};
		42EC6957299198F3007117D3 /* PBXContainerItemProxy */ = {
			isa = PBXContainerItemProxy;
			containerPortal = 42EC6933299198F1007117D3 /* Project object */;
			proxyType = 1;
			remoteGlobalIDString = 42EC693A299198F1007117D3;
			remoteInfo = MatrixRainSwiftUI;
		};
/* End PBXContainerItemProxy section */

/* Begin PBXFileReference section */
		42EC693B299198F1007117D3 /* MatrixRainSwiftUI.app */ = {isa = PBXFileReference; explicitFileType = wrapper.application; includeInIndex = 0; path = MatrixRainSwiftUI.app; sourceTree = BUILT_PRODUCTS_DIR; };
		42EC693E299198F1007117D3 /* MatrixRainSwiftUIApp.swift */ = {isa = PBXFileReference; lastKnownFileType = sourcecode.swift; path = MatrixRainSwiftUIApp.swift; sourceTree = "<group>"; };
		42EC6940299198F1007117D3 /* ContentView.swift */ = {isa = PBXFileReference; lastKnownFileType = sourcecode.swift; path = ContentView.swift; sourceTree = "<group>"; };
		42EC6942299198F3007117D3 /* Assets.xcassets */ = {isa = PBXFileReference; lastKnownFileType = folder.assetcatalog; path = Assets.xcassets; sourceTree = "<group>"; };
		42EC6944299198F3007117D3 /* MatrixRainSwiftUI.entitlements */ = {isa = PBXFileReference; lastKnownFileType = text.plist.entitlements; path = MatrixRainSwiftUI.entitlements; sourceTree = "<group>"; };
		42EC6946299198F3007117D3 /* Preview Assets.xcassets */ = {isa = PBXFileReference; lastKnownFileType = folder.assetcatalog; path = "Preview Assets.xcassets"; sourceTree = "<group>"; };
		42EC694C299198F3007117D3 /* MatrixRainSwiftUITests.xctest */ = {isa = PBXFileReference; explicitFileType = wrapper.cfbundle; includeInIndex = 0; path = MatrixRainSwiftUITests.xctest; sourceTree = BUILT_PRODUCTS_DIR; };
		42EC6950299198F3007117D3 /* MatrixRainSwiftUITests.swift */ = {isa = PBXFileReference; lastKnownFileType = sourcecode.swift; path = MatrixRainSwiftUITests.swift; sourceTree = "<group>"; };
		42EC6956299198F3007117D3 /* MatrixRainSwiftUIUITests.xctest */ = {isa = PBXFileReference; explicitFileType = wrapper.cfbundle; includeInIndex = 0; path = MatrixRainSwiftUIUITests.xctest; sourceTree = BUILT_PRODUCTS_DIR; };
		42EC695A299198F3007117D3 /* MatrixRainSwiftUIUITests.swift */ = {isa = PBXFileReference; lastKnownFileType = sourcecode.swift; path = MatrixRainSwiftUIUITests.swift; sourceTree = "<group>"; };
		42EC695C299198F3007117D3 /* MatrixRainSwiftUIUITestsLaunchTests.swift */ = {isa = PBXFileReference; lastKnownFileType = sourcecode.swift; path = MatrixRainSwiftUIUITestsLaunchTests.swift; sourceTree = "<group>"; };
		42EC696A29919A86007117D3 /* MatrixRainView.swift */ = {isa = PBXFileReference; lastKnownFileType = sourcecode.swift; path = MatrixRainView.swift; sourceTree = "<group>"; };
		42EC696C2991A1D5007117D3 /* MatrixRainCharacters.swift */ = {isa = PBXFileReference; lastKnownFileType = sourcecode.swift; path = MatrixRainCharacters.swift; sourceTree = "<group>"; };
/* End PBXFileReference section */

/* Begin PBXFrameworksBuildPhase section */
		42EC6938299198F1007117D3 /* Frameworks */ = {
			isa = PBXFrameworksBuildPhase;
			buildActionMask = 2147483647;
			files = (
			);
			runOnlyForDeploymentPostprocessing = 0;
		};
		42EC6949299198F3007117D3 /* Frameworks */ = {
			isa = PBXFrameworksBuildPhase;
			buildActionMask = 2147483647;
			files = (
			);
			runOnlyForDeploymentPostprocessing = 0;
		};
		42EC6953299198F3007117D3 /* Frameworks */ = {
			isa = PBXFrameworksBuildPhase;
			buildActionMask = 2147483647;
			files = (
			);
			runOnlyForDeploymentPostprocessing = 0;
		};
/* End PBXFrameworksBuildPhase section */

/* Begin PBXGroup section */
		42EC6932299198F1007117D3 = {
			isa = PBXGroup;
			children = (
				42EC693D299198F1007117D3 /* MatrixRainSwiftUI */,
				42EC694F299198F3007117D3 /* MatrixRainSwiftUITests */,
				42EC6959299198F3007117D3 /* MatrixRainSwiftUIUITests */,
				42EC693C299198F1007117D3 /* Products */,
			);
			sourceTree = "<group>";
		};
		42EC693C299198F1007117D3 /* Products */ = {
			isa = PBXGroup;
			children = (
				42EC693B299198F1007117D3 /* MatrixRainSwiftUI.app */,
				42EC694C299198F3007117D3 /* MatrixRainSwiftUITests.xctest */,
				42EC6956299198F3007117D3 /* MatrixRainSwiftUIUITests.xctest */,
			);
			name = Products;
			sourceTree = "<group>";
		};
		42EC693D299198F1007117D3 /* MatrixRainSwiftUI */ = {
			isa = PBXGroup;
			children = (
				42EC693E299198F1007117D3 /* MatrixRainSwiftUIApp.swift */,
				42EC6940299198F1007117D3 /* ContentView.swift */,
				42EC696929919A76007117D3 /* View */,
				42EC6942299198F3007117D3 /* Assets.xcassets */,
				42EC6944299198F3007117D3 /* MatrixRainSwiftUI.entitlements */,
				42EC6945299198F3007117D3 /* Preview Content */,
			);
			path = MatrixRainSwiftUI;
			sourceTree = "<group>";
		};
		42EC6945299198F3007117D3 /* Preview Content */ = {
			isa = PBXGroup;
			children = (
				42EC6946299198F3007117D3 /* Preview Assets.xcassets */,
			);
			path = "Preview Content";
			sourceTree = "<group>";
		};
		42EC694F299198F3007117D3 /* MatrixRainSwiftUITests */ = {
			isa = PBXGroup;
			children = (
				42EC6950299198F3007117D3 /* MatrixRainSwiftUITests.swift */,
			);
			path = MatrixRainSwiftUITests;
			sourceTree = "<group>";
		};
		42EC6959299198F3007117D3 /* MatrixRainSwiftUIUITests */ = {
			isa = PBXGroup;
			children = (
				42EC695A299198F3007117D3 /* MatrixRainSwiftUIUITests.swift */,
				42EC695C299198F3007117D3 /* MatrixRainSwiftUIUITestsLaunchTests.swift */,
			);
			path = MatrixRainSwiftUIUITests;
			sourceTree = "<group>";
		};
		42EC696929919A76007117D3 /* View */ = {
			isa = PBXGroup;
			children = (
				42EC696A29919A86007117D3 /* MatrixRainView.swift */,
				42EC696C2991A1D5007117D3 /* MatrixRainCharacters.swift */,
			);
			path = View;
			sourceTree = "<group>";
		};
/* End PBXGroup section */

/* Begin PBXNativeTarget section */
		42EC693A299198F1007117D3 /* MatrixRainSwiftUI */ = {
			isa = PBXNativeTarget;
			buildConfigurationList = 42EC6960299198F3007117D3 /* Build configuration list for PBXNativeTarget "MatrixRainSwiftUI" */;
			buildPhases = (
				42EC6937299198F1007117D3 /* Sources */,
				42EC6938299198F1007117D3 /* Frameworks */,
				42EC6939299198F1007117D3 /* Resources */,
			);
			buildRules = (
			);
			dependencies = (
			);
			name = MatrixRainSwiftUI;
			productName = MatrixRainSwiftUI;
			productReference = 42EC693B299198F1007117D3 /* MatrixRainSwiftUI.app */;
			productType = "com.apple.product-type.application";
		};
		42EC694B299198F3007117D3 /* MatrixRainSwiftUITests */ = {
			isa = PBXNativeTarget;
			buildConfigurationList = 42EC6963299198F3007117D3 /* Build configuration list for PBXNativeTarget "MatrixRainSwiftUITests" */;
			buildPhases = (
				42EC6948299198F3007117D3 /* Sources */,
				42EC6949299198F3007117D3 /* Frameworks */,
				42EC694A299198F3007117D3 /* Resources */,
			);
			buildRules = (
			);
			dependencies = (
				42EC694E299198F3007117D3 /* PBXTargetDependency */,
			);
			name = MatrixRainSwiftUITests;
			productName = MatrixRainSwiftUITests;
			productReference = 42EC694C299198F3007117D3 /* MatrixRainSwiftUITests.xctest */;
			productType = "com.apple.product-type.bundle.unit-test";
		};
		42EC6955299198F3007117D3 /* MatrixRainSwiftUIUITests */ = {
			isa = PBXNativeTarget;
			buildConfigurationList = 42EC6966299198F3007117D3 /* Build configuration list for PBXNativeTarget "MatrixRainSwiftUIUITests" */;
			buildPhases = (
				42EC6952299198F3007117D3 /* Sources */,
				42EC6953299198F3007117D3 /* Frameworks */,
				42EC6954299198F3007117D3 /* Resources */,
			);
			buildRules = (
			);
			dependencies = (
				42EC6958299198F3007117D3 /* PBXTargetDependency */,
			);
			name = MatrixRainSwiftUIUITests;
			productName = MatrixRainSwiftUIUITests;
			productReference = 42EC6956299198F3007117D3 /* MatrixRainSwiftUIUITests.xctest */;
			productType = "com.apple.product-type.bundle.ui-testing";
		};
/* End PBXNativeTarget section */

/* Begin PBXProject section */
		42EC6933299198F1007117D3 /* Project object */ = {
			isa = PBXProject;
			attributes = {
				BuildIndependentTargetsInParallel = 1;
				LastSwiftUpdateCheck = 1410;
				LastUpgradeCheck = 1410;
				TargetAttributes = {
					42EC693A299198F1007117D3 = {
						CreatedOnToolsVersion = 14.1;
					};
					42EC694B299198F3007117D3 = {
						CreatedOnToolsVersion = 14.1;
						TestTargetID = 42EC693A299198F1007117D3;
					};
					42EC6955299198F3007117D3 = {
						CreatedOnToolsVersion = 14.1;
						TestTargetID = 42EC693A299198F1007117D3;
					};
				};
			};
			buildConfigurationList = 42EC6936299198F1007117D3 /* Build configuration list for PBXProject "MatrixRainSwiftUI" */;
			compatibilityVersion = "Xcode 14.0";
			developmentRegion = en;
			hasScannedForEncodings = 0;
			knownRegions = (
				en,
				Base,
			);
			mainGroup = 42EC6932299198F1007117D3;
			productRefGroup = 42EC693C299198F1007117D3 /* Products */;
			projectDirPath = "";
			projectRoot = "";
			targets = (
				42EC693A299198F1007117D3 /* MatrixRainSwiftUI */,
				42EC694B299198F3007117D3 /* MatrixRainSwiftUITests */,
				42EC6955299198F3007117D3 /* MatrixRainSwiftUIUITests */,
			);
		};
/* End PBXProject section */

/* Begin PBXResourcesBuildPhase section */
		42EC6939299198F1007117D3 /* Resources */ = {
			isa = PBXResourcesBuildPhase;
			buildActionMask = 2147483647;
			files = (
				42EC6947299198F3007117D3 /* Preview Assets.xcassets in Resources */,
				42EC6943299198F3007117D3 /* Assets.xcassets in Resources */,
			);
			runOnlyForDeploymentPostprocessing = 0;
		};
		42EC694A299198F3007117D3 /* Resources */ = {
			isa = PBXResourcesBuildPhase;
			buildActionMask = 2147483647;
			files = (
			);
			runOnlyForDeploymentPostprocessing = 0;
		};
		42EC6954299198F3007117D3 /* Resources */ = {
			isa = PBXResourcesBuildPhase;
			buildActionMask = 2147483647;
			files = (
			);
			runOnlyForDeploymentPostprocessing = 0;
		};
/* End PBXResourcesBuildPhase section */

/* Begin PBXSourcesBuildPhase section */
		42EC6937299198F1007117D3 /* Sources */ = {
			isa = PBXSourcesBuildPhase;
			buildActionMask = 2147483647;
			files = (
				42EC696D2991A1D5007117D3 /* MatrixRainCharacters.swift in Sources */,
				42EC6941299198F1007117D3 /* ContentView.swift in Sources */,
				42EC693F299198F1007117D3 /* MatrixRainSwiftUIApp.swift in Sources */,
				42EC696B29919A86007117D3 /* MatrixRainView.swift in Sources */,
			);
			runOnlyForDeploymentPostprocessing = 0;
		};
		42EC6948299198F3007117D3 /* Sources */ = {
			isa = PBXSourcesBuildPhase;
			buildActionMask = 2147483647;
			files = (
				42EC6951299198F3007117D3 /* MatrixRainSwiftUITests.swift in Sources */,
			);
			runOnlyForDeploymentPostprocessing = 0;
		};
		42EC6952299198F3007117D3 /* Sources */ = {
			isa = PBXSourcesBuildPhase;
			buildActionMask = 2147483647;
			files = (
				42EC695B299198F3007117D3 /* MatrixRainSwiftUIUITests.swift in Sources */,
				42EC695D299198F3007117D3 /* MatrixRainSwiftUIUITestsLaunchTests.swift in Sources */,
			);
			runOnlyForDeploymentPostprocessing = 0;
		};
/* End PBXSourcesBuildPhase section */

/* Begin PBXTargetDependency section */
		42EC694E299198F3007117D3 /* PBXTargetDependency */ = {
			isa = PBXTargetDependency;
			target = 42EC693A299198F1007117D3 /* MatrixRainSwiftUI */;
			targetProxy = 42EC694D299198F3007117D3 /* PBXContainerItemProxy */;
		};
		42EC6958299198F3007117D3 /* PBXTargetDependency */ = {
			isa = PBXTargetDependency;
			target = 42EC693A299198F1007117D3 /* MatrixRainSwiftUI */;
			targetProxy = 42EC6957299198F3007117D3 /* PBXContainerItemProxy */;
		};
/* End PBXTargetDependency section */

/* Begin XCBuildConfiguration section */
		42EC695E299198F3007117D3 /* Debug */ = {
			isa = XCBuildConfiguration;
			buildSettings = {
				ALWAYS_SEARCH_USER_PATHS = NO;
				CLANG_ANALYZER_NONNULL = YES;
				CLANG_ANALYZER_NUMBER_OBJECT_CONVERSION = YES_AGGRESSIVE;
				CLANG_CXX_LANGUAGE_STANDARD = "gnu++20";
				CLANG_ENABLE_MODULES = YES;
				CLANG_ENABLE_OBJC_ARC = YES;
				CLANG_ENABLE_OBJC_WEAK = YES;
				CLANG_WARN_BLOCK_CAPTURE_AUTORELEASING = YES;
				CLANG_WARN_BOOL_CONVERSION = YES;
				CLANG_WARN_COMMA = YES;
				CLANG_WARN_CONSTANT_CONVERSION = YES;
				CLANG_WARN_DEPRECATED_OBJC_IMPLEMENTATIONS = YES;
				CLANG_WARN_DIRECT_OBJC_ISA_USAGE = YES_ERROR;
				CLANG_WARN_DOCUMENTATION_COMMENTS = YES;
				CLANG_WARN_EMPTY_BODY = YES;
				CLANG_WARN_ENUM_CONVERSION = YES;
				CLANG_WARN_INFINITE_RECURSION = YES;
				CLANG_WARN_INT_CONVERSION = YES;
				CLANG_WARN_NON_LITERAL_NULL_CONVERSION = YES;
				CLANG_WARN_OBJC_IMPLICIT_RETAIN_SELF = YES;
				CLANG_WARN_OBJC_LITERAL_CONVERSION = YES;
				CLANG_WARN_OBJC_ROOT_CLASS = YES_ERROR;
				CLANG_WARN_QUOTED_INCLUDE_IN_FRAMEWORK_HEADER = YES;
				CLANG_WARN_RANGE_LOOP_ANALYSIS = YES;
				CLANG_WARN_STRICT_PROTOTYPES = YES;
				CLANG_WARN_SUSPICIOUS_MOVE = YES;
				CLANG_WARN_UNGUARDED_AVAILABILITY = YES_AGGRESSIVE;
				CLANG_WARN_UNREACHABLE_CODE = YES;
				CLANG_WARN__DUPLICATE_METHOD_MATCH = YES;
				COPY_PHASE_STRIP = NO;
				DEBUG_INFORMATION_FORMAT = dwarf;
				ENABLE_STRICT_OBJC_MSGSEND = YES;
				ENABLE_TESTABILITY = YES;
				GCC_C_LANGUAGE_STANDARD = gnu11;
				GCC_DYNAMIC_NO_PIC = NO;
				GCC_NO_COMMON_BLOCKS = YES;
				GCC_OPTIMIZATION_LEVEL = 0;
				GCC_PREPROCESSOR_DEFINITIONS = (
					"DEBUG=1",
					"$(inherited)",
				);
				GCC_WARN_64_TO_32_BIT_CONVERSION = YES;
				GCC_WARN_ABOUT_RETURN_TYPE = YES_ERROR;
				GCC_WARN_UNDECLARED_SELECTOR = YES;
				GCC_WARN_UNINITIALIZED_AUTOS = YES_AGGRESSIVE;
				GCC_WARN_UNUSED_FUNCTION = YES;
				GCC_WARN_UNUSED_VARIABLE = YES;
				MTL_ENABLE_DEBUG_INFO = INCLUDE_SOURCE;
				MTL_FAST_MATH = YES;
				ONLY_ACTIVE_ARCH = YES;
				SWIFT_ACTIVE_COMPILATION_CONDITIONS = DEBUG;
				SWIFT_OPTIMIZATION_LEVEL = "-Onone";
			};
			name = Debug;
		};
		42EC695F299198F3007117D3 /* Release */ = {
			isa = XCBuildConfiguration;
			buildSettings = {
				ALWAYS_SEARCH_USER_PATHS = NO;
				CLANG_ANALYZER_NONNULL = YES;
				CLANG_ANALYZER_NUMBER_OBJECT_CONVERSION = YES_AGGRESSIVE;
				CLANG_CXX_LANGUAGE_STANDARD = "gnu++20";
				CLANG_ENABLE_MODULES = YES;
				CLANG_ENABLE_OBJC_ARC = YES;
				CLANG_ENABLE_OBJC_WEAK = YES;
				CLANG_WARN_BLOCK_CAPTURE_AUTORELEASING = YES;
				CLANG_WARN_BOOL_CONVERSION = YES;
				CLANG_WARN_COMMA = YES;
				CLANG_WARN_CONSTANT_CONVERSION = YES;
				CLANG_WARN_DEPRECATED_OBJC_IMPLEMENTATIONS = YES;
				CLANG_WARN_DIRECT_OBJC_ISA_USAGE = YES_ERROR;
				CLANG_WARN_DOCUMENTATION_COMMENTS = YES;
				CLANG_WARN_EMPTY_BODY = YES;
				CLANG_WARN_ENUM_CONVERSION = YES;
				CLANG_WARN_INFINITE_RECURSION = YES;
				CLANG_WARN_INT_CONVERSION = YES;
				CLANG_WARN_NON_LITERAL_NULL_CONVERSION = YES;
				CLANG_WARN_OBJC_IMPLICIT_RETAIN_SELF = YES;
				CLANG_WARN_OBJC_LITERAL_CONVERSION = YES;
				CLANG_WARN_OBJC_ROOT_CLASS = YES_ERROR;
				CLANG_WARN_QUOTED_INCLUDE_IN_FRAMEWORK_HEADER = YES;
				CLANG_WARN_RANGE_LOOP_ANALYSIS = YES;
				CLANG_WARN_STRICT_PROTOTYPES = YES;
				CLANG_WARN_SUSPICIOUS_MOVE = YES;
				CLANG_WARN_UNGUARDED_AVAILABILITY = YES_AGGRESSIVE;
				CLANG_WARN_UNREACHABLE_CODE = YES;
				CLANG_WARN__DUPLICATE_METHOD_MATCH = YES;
				COPY_PHASE_STRIP = NO;
				DEBUG_INFORMATION_FORMAT = "dwarf-with-dsym";
				ENABLE_NS_ASSERTIONS = NO;
				ENABLE_STRICT_OBJC_MSGSEND = YES;
				GCC_C_LANGUAGE_STANDARD = gnu11;
				GCC_NO_COMMON_BLOCKS = YES;
				GCC_WARN_64_TO_32_BIT_CONVERSION = YES;
				GCC_WARN_ABOUT_RETURN_TYPE = YES_ERROR;
				GCC_WARN_UNDECLARED_SELECTOR = YES;
				GCC_WARN_UNINITIALIZED_AUTOS = YES_AGGRESSIVE;
				GCC_WARN_UNUSED_FUNCTION = YES;
				GCC_WARN_UNUSED_VARIABLE = YES;
				MTL_ENABLE_DEBUG_INFO = NO;
				MTL_FAST_MATH = YES;
				SWIFT_COMPILATION_MODE = wholemodule;
				SWIFT_OPTIMIZATION_LEVEL = "-O";
			};
			name = Release;
		};
		42EC6961299198F3007117D3 /* Debug */ = {
			isa = XCBuildConfiguration;
			buildSettings = {
				ASSETCATALOG_COMPILER_APPICON_NAME = AppIcon;
				ASSETCATALOG_COMPILER_GLOBAL_ACCENT_COLOR_NAME = AccentColor;
				CODE_SIGN_ENTITLEMENTS = MatrixRainSwiftUI/MatrixRainSwiftUI.entitlements;
				CODE_SIGN_STYLE = Automatic;
				CURRENT_PROJECT_VERSION = 1;
				DEVELOPMENT_ASSET_PATHS = "\"MatrixRainSwiftUI/Preview Content\"";
				DEVELOPMENT_TEAM = T7G2QUBVY7;
				ENABLE_HARDENED_RUNTIME = YES;
				ENABLE_PREVIEWS = YES;
				GENERATE_INFOPLIST_FILE = YES;
				"INFOPLIST_KEY_UIApplicationSceneManifest_Generation[sdk=iphoneos*]" = YES;
				"INFOPLIST_KEY_UIApplicationSceneManifest_Generation[sdk=iphonesimulator*]" = YES;
				"INFOPLIST_KEY_UIApplicationSupportsIndirectInputEvents[sdk=iphoneos*]" = YES;
				"INFOPLIST_KEY_UIApplicationSupportsIndirectInputEvents[sdk=iphonesimulator*]" = YES;
				"INFOPLIST_KEY_UILaunchScreen_Generation[sdk=iphoneos*]" = YES;
				"INFOPLIST_KEY_UILaunchScreen_Generation[sdk=iphonesimulator*]" = YES;
				"INFOPLIST_KEY_UIStatusBarStyle[sdk=iphoneos*]" = UIStatusBarStyleDefault;
				"INFOPLIST_KEY_UIStatusBarStyle[sdk=iphonesimulator*]" = UIStatusBarStyleDefault;
				INFOPLIST_KEY_UISupportedInterfaceOrientations_iPad = "UIInterfaceOrientationPortrait UIInterfaceOrientationPortraitUpsideDown UIInterfaceOrientationLandscapeLeft UIInterfaceOrientationLandscapeRight";
				INFOPLIST_KEY_UISupportedInterfaceOrientations_iPhone = "UIInterfaceOrientationPortrait UIInterfaceOrientationLandscapeLeft UIInterfaceOrientationLandscapeRight";
				IPHONEOS_DEPLOYMENT_TARGET = 16.1;
				LD_RUNPATH_SEARCH_PATHS = "@executable_path/Frameworks";
				"LD_RUNPATH_SEARCH_PATHS[sdk=macosx*]" = "@executable_path/../Frameworks";
				MACOSX_DEPLOYMENT_TARGET = 13.0;
				MARKETING_VERSION = 1.0;
				PRODUCT_BUNDLE_IDENTIFIER = com.NazarBabiak.MatrixRainSwiftUI;
				PRODUCT_NAME = "$(TARGET_NAME)";
				SDKROOT = auto;
				SUPPORTED_PLATFORMS = "iphoneos iphonesimulator macosx";
				SWIFT_EMIT_LOC_STRINGS = YES;
				SWIFT_VERSION = 5.0;
				TARGETED_DEVICE_FAMILY = "1,2";
			};
			name = Debug;
		};
		42EC6962299198F3007117D3 /* Release */ = {
			isa = XCBuildConfiguration;
			buildSettings = {
				ASSETCATALOG_COMPILER_APPICON_NAME = AppIcon;
				ASSETCATALOG_COMPILER_GLOBAL_ACCENT_COLOR_NAME = AccentColor;
				CODE_SIGN_ENTITLEMENTS = MatrixRainSwiftUI/MatrixRainSwiftUI.entitlements;
				CODE_SIGN_STYLE = Automatic;
				CURRENT_PROJECT_VERSION = 1;
				DEVELOPMENT_ASSET_PATHS = "\"MatrixRainSwiftUI/Preview Content\"";
				DEVELOPMENT_TEAM = T7G2QUBVY7;
				ENABLE_HARDENED_RUNTIME = YES;
				ENABLE_PREVIEWS = YES;
				GENERATE_INFOPLIST_FILE = YES;
				"INFOPLIST_KEY_UIApplicationSceneManifest_Generation[sdk=iphoneos*]" = YES;
				"INFOPLIST_KEY_UIApplicationSceneManifest_Generation[sdk=iphonesimulator*]" = YES;
				"INFOPLIST_KEY_UIApplicationSupportsIndirectInputEvents[sdk=iphoneos*]" = YES;
				"INFOPLIST_KEY_UIApplicationSupportsIndirectInputEvents[sdk=iphonesimulator*]" = YES;
				"INFOPLIST_KEY_UILaunchScreen_Generation[sdk=iphoneos*]" = YES;
				"INFOPLIST_KEY_UILaunchScreen_Generation[sdk=iphonesimulator*]" = YES;
				"INFOPLIST_KEY_UIStatusBarStyle[sdk=iphoneos*]" = UIStatusBarStyleDefault;
				"INFOPLIST_KEY_UIStatusBarStyle[sdk=iphonesimulator*]" = UIStatusBarStyleDefault;
				INFOPLIST_KEY_UISupportedInterfaceOrientations_iPad = "UIInterfaceOrientationPortrait UIInterfaceOrientationPortraitUpsideDown UIInterfaceOrientationLandscapeLeft UIInterfaceOrientationLandscapeRight";
				INFOPLIST_KEY_UISupportedInterfaceOrientations_iPhone = "UIInterfaceOrientationPortrait UIInterfaceOrientationLandscapeLeft UIInterfaceOrientationLandscapeRight";
				IPHONEOS_DEPLOYMENT_TARGET = 16.1;
				LD_RUNPATH_SEARCH_PATHS = "@executable_path/Frameworks";
				"LD_RUNPATH_SEARCH_PATHS[sdk=macosx*]" = "@executable_path/../Frameworks";
				MACOSX_DEPLOYMENT_TARGET = 13.0;
				MARKETING_VERSION = 1.0;
				PRODUCT_BUNDLE_IDENTIFIER = com.NazarBabiak.MatrixRainSwiftUI;
				PRODUCT_NAME = "$(TARGET_NAME)";
				SDKROOT = auto;
				SUPPORTED_PLATFORMS = "iphoneos iphonesimulator macosx";
				SWIFT_EMIT_LOC_STRINGS = YES;
				SWIFT_VERSION = 5.0;
				TARGETED_DEVICE_FAMILY = "1,2";
			};
			name = Release;
		};
		42EC6964299198F3007117D3 /* Debug */ = {
			isa = XCBuildConfiguration;
			buildSettings = {
				ALWAYS_EMBED_SWIFT_STANDARD_LIBRARIES = YES;
				BUNDLE_LOADER = "$(TEST_HOST)";
				CODE_SIGN_STYLE = Automatic;
				CURRENT_PROJECT_VERSION = 1;
				DEVELOPMENT_TEAM = T7G2QUBVY7;
				GENERATE_INFOPLIST_FILE = YES;
				IPHONEOS_DEPLOYMENT_TARGET = 16.1;
				MACOSX_DEPLOYMENT_TARGET = 13.0;
				MARKETING_VERSION = 1.0;
				PRODUCT_BUNDLE_IDENTIFIER = com.NazarBabiak.MatrixRainSwiftUITests;
				PRODUCT_NAME = "$(TARGET_NAME)";
				SDKROOT = auto;
				SUPPORTED_PLATFORMS = "iphoneos iphonesimulator macosx";
				SWIFT_EMIT_LOC_STRINGS = NO;
				SWIFT_VERSION = 5.0;
				TARGETED_DEVICE_FAMILY = "1,2";
				TEST_HOST = "$(BUILT_PRODUCTS_DIR)/MatrixRainSwiftUI.app/$(BUNDLE_EXECUTABLE_FOLDER_PATH)/MatrixRainSwiftUI";
			};
			name = Debug;
		};
		42EC6965299198F3007117D3 /* Release */ = {
			isa = XCBuildConfiguration;
			buildSettings = {
				ALWAYS_EMBED_SWIFT_STANDARD_LIBRARIES = YES;
				BUNDLE_LOADER = "$(TEST_HOST)";
				CODE_SIGN_STYLE = Automatic;
				CURRENT_PROJECT_VERSION = 1;
				DEVELOPMENT_TEAM = T7G2QUBVY7;
				GENERATE_INFOPLIST_FILE = YES;
				IPHONEOS_DEPLOYMENT_TARGET = 16.1;
				MACOSX_DEPLOYMENT_TARGET = 13.0;
				MARKETING_VERSION = 1.0;
				PRODUCT_BUNDLE_IDENTIFIER = com.NazarBabiak.MatrixRainSwiftUITests;
				PRODUCT_NAME = "$(TARGET_NAME)";
				SDKROOT = auto;
				SUPPORTED_PLATFORMS = "iphoneos iphonesimulator macosx";
				SWIFT_EMIT_LOC_STRINGS = NO;
				SWIFT_VERSION = 5.0;
				TARGETED_DEVICE_FAMILY = "1,2";
				TEST_HOST = "$(BUILT_PRODUCTS_DIR)/MatrixRainSwiftUI.app/$(BUNDLE_EXECUTABLE_FOLDER_PATH)/MatrixRainSwiftUI";
			};
			name = Release;
		};
		42EC6967299198F3007117D3 /* Debug */ = {
			isa = XCBuildConfiguration;
			buildSettings = {
				ALWAYS_EMBED_SWIFT_STANDARD_LIBRARIES = YES;
				CODE_SIGN_STYLE = Automatic;
				CURRENT_PROJECT_VERSION = 1;
				DEVELOPMENT_TEAM = T7G2QUBVY7;
				GENERATE_INFOPLIST_FILE = YES;
				IPHONEOS_DEPLOYMENT_TARGET = 16.1;
				MACOSX_DEPLOYMENT_TARGET = 13.0;
				MARKETING_VERSION = 1.0;
				PRODUCT_BUNDLE_IDENTIFIER = com.NazarBabiak.MatrixRainSwiftUIUITests;
				PRODUCT_NAME = "$(TARGET_NAME)";
				SDKROOT = auto;
				SUPPORTED_PLATFORMS = "iphoneos iphonesimulator macosx";
				SWIFT_EMIT_LOC_STRINGS = NO;
				SWIFT_VERSION = 5.0;
				TARGETED_DEVICE_FAMILY = "1,2";
				TEST_TARGET_NAME = MatrixRainSwiftUI;
			};
			name = Debug;
		};
		42EC6968299198F3007117D3 /* Release */ = {
			isa = XCBuildConfiguration;
			buildSettings = {
				ALWAYS_EMBED_SWIFT_STANDARD_LIBRARIES = YES;
				CODE_SIGN_STYLE = Automatic;
				CURRENT_PROJECT_VERSION = 1;
				DEVELOPMENT_TEAM = T7G2QUBVY7;
				GENERATE_INFOPLIST_FILE = YES;
				IPHONEOS_DEPLOYMENT_TARGET = 16.1;
				MACOSX_DEPLOYMENT_TARGET = 13.0;
				MARKETING_VERSION = 1.0;
				PRODUCT_BUNDLE_IDENTIFIER = com.NazarBabiak.MatrixRainSwiftUIUITests;
				PRODUCT_NAME = "$(TARGET_NAME)";
				SDKROOT = auto;
				SUPPORTED_PLATFORMS = "iphoneos iphonesimulator macosx";
				SWIFT_EMIT_LOC_STRINGS = NO;
				SWIFT_VERSION = 5.0;
				TARGETED_DEVICE_FAMILY = "1,2";
				TEST_TARGET_NAME = MatrixRainSwiftUI;
			};
			name = Release;
		};
/* End XCBuildConfiguration section */

/* Begin XCConfigurationList section */
		42EC6936299198F1007117D3 /* Build configuration list for PBXProject "MatrixRainSwiftUI" */ = {
			isa = XCConfigurationList;
			buildConfigurations = (
				42EC695E299198F3007117D3 /* Debug */,
				42EC695F299198F3007117D3 /* Release */,
			);
			defaultConfigurationIsVisible = 0;
			defaultConfigurationName = Release;
		};
		42EC6960299198F3007117D3 /* Build configuration list for PBXNativeTarget "MatrixRainSwiftUI" */ = {
			isa = XCConfigurationList;
			buildConfigurations = (
				42EC6961299198F3007117D3 /* Debug */,
				42EC6962299198F3007117D3 /* Release */,
			);
			defaultConfigurationIsVisible = 0;
			defaultConfigurationName = Release;
		};
		42EC6963299198F3007117D3 /* Build configuration list for PBXNativeTarget "MatrixRainSwiftUITests" */ = {
			isa = XCConfigurationList;
			buildConfigurations = (
				42EC6964299198F3007117D3 /* Debug */,
				42EC6965299198F3007117D3 /* Release */,
			);
			defaultConfigurationIsVisible = 0;
			defaultConfigurationName = Release;
		};
		42EC6966299198F3007117D3 /* Build configuration list for PBXNativeTarget "MatrixRainSwiftUIUITests" */ = {
			isa = XCConfigurationList;
			buildConfigurations = (
				42EC6967299198F3007117D3 /* Debug */,
				42EC6968299198F3007117D3 /* Release */,
			);
			defaultConfigurationIsVisible = 0;
			defaultConfigurationName = Release;
		};
/* End XCConfigurationList section */
	};
	rootObject = 42EC6933299198F1007117D3 /* Project object */;
}
